# This file is automatically @generated by Cargo.
# It is not intended for manual editing.
version = 4

[[package]]
name = "bit_operations"
version = "0.1.6"
source = "registry+https://github.com/rust-lang/crates.io-index"
checksum = "c521f94e027b275f287593a77f0964abcef924abe7f6cfc8d4d0db8802f04a46"

[[package]]
name = "bitslices2"
version = "0.1.0"
dependencies = [
 "bit_operations",
]
