# This file is automatically @generated by Cargo.
# It is not intended for manual editing.
version = 4

[[package]]
name = "bit_operations"
version = "0.1.5"
source = "registry+https://github.com/rust-lang/crates.io-index"
checksum = "de1b83fd095cc0e2a2958783b66be8caaba93cf9cd335233db184949c36fd664"

[[package]]
name = "bitslices"
version = "0.1.0"
dependencies = [
 "bit_operations",
]
