# This file is automatically @generated by Cargo.
# It is not intended for manual editing.
version = 4

[[package]]
name = "bit_operations"
version = "0.1.6"
source = "registry+https://github.com/rust-lang/crates.io-index"
checksum = "c521f94e027b275f287593a77f0964abcef924abe7f6cfc8d4d0db8802f04a46"

[[package]]
name = "biter"
version = "0.1.1"
source = "registry+https://github.com/rust-lang/crates.io-index"
checksum = "bb8a1cf178468709e201c544e0ac8daf1129d2535291f54fc71614c1c6b89e5d"
dependencies = [
 "bit_operations",
]

[[package]]
name = "slicebits"
version = "0.1.1"
dependencies = [
 "bit_operations",
 "biter",
]
